{
  "requires": true,
  "lockfileVersion": 1,
  "dependencies": {
    "@monaco-editor/react": {
      "version": "3.2.1",
      "resolved": "https://registry.npmjs.org/@monaco-editor/react/-/react-3.2.1.tgz",
      "integrity": "sha512-x9ae9fnX9J3zqyB4Df2+hSBzc9xLL6V0LQ6VZP0gqGJw+KnJeNA+/3vHwUGqcVrcKRK3HrEM3TT/tRguJfyjEA=="
    }
  }
}
